
Microsoft Visual Studio Solution File, Format Version 12.00
# Visual Studio 15
VisualStudioVersion = 15.0.28307.438
MinimumVisualStudioVersion = 10.0.40219.1
Project("{8BC9CEB8-8B4A-11D0-8D11-00A0C91BC942}") = "이산수학마술카드 동적할당", "이산수학마술카드 동적할당.vcxproj", "{858A3425-7B49-4C12-B102-1921D55B2D39}"
EndProject
Global
	GlobalSection(SolutionConfigurationPlatforms) = preSolution
		Debug|x64 = Debug|x64
		Debug|x86 = Debug|x86
		Release|x64 = Release|x64
		Release|x86 = Release|x86
	EndGlobalSection
	GlobalSection(ProjectConfigurationPlatforms) = postSolution
		{858A3425-7B49-4C12-B102-1921D55B2D39}.Debug|x64.ActiveCfg = Debug|x64
		{858A3425-7B49-4C12-B102-1921D55B2D39}.Debug|x64.Build.0 = Debug|x64
		{858A3425-7B49-4C12-B102-1921D55B2D39}.Debug|x86.ActiveCfg = Debug|Win32
		{858A3425-7B49-4C12-B102-1921D55B2D39}.Debug|x86.Build.0 = Debug|Win32
		{858A3425-7B49-4C12-B102-1921D55B2D39}.Release|x64.ActiveCfg = Release|x64
		{858A3425-7B49-4C12-B102-1921D55B2D39}.Release|x64.Build.0 = Release|x64
		{858A3425-7B49-4C12-B102-1921D55B2D39}.Release|x86.ActiveCfg = Release|Win32
		{858A3425-7B49-4C12-B102-1921D55B2D39}.Release|x86.Build.0 = Release|Win32
	EndGlobalSection
	GlobalSection(SolutionProperties) = preSolution
		HideSolutionNode = FALSE
	EndGlobalSection
	GlobalSection(ExtensibilityGlobals) = postSolution
		SolutionGuid = {D82BE642-0E8E-41CF-8072-23F78030A81F}
	EndGlobalSection
EndGlobal
