
Microsoft Visual Studio Solution File, Format Version 12.00
# Visual Studio 15
VisualStudioVersion = 15.0.28307.438
MinimumVisualStudioVersion = 10.0.40219.1
Project("{8BC9CEB8-8B4A-11D0-8D11-00A0C91BC942}") = "Project3", "Project3.vcxproj", "{5697829C-FD4B-4219-B102-95F6DF879C6C}"
EndProject
Global
	GlobalSection(SolutionConfigurationPlatforms) = preSolution
		Debug|x64 = Debug|x64
		Debug|x86 = Debug|x86
		Release|x64 = Release|x64
		Release|x86 = Release|x86
	EndGlobalSection
	GlobalSection(ProjectConfigurationPlatforms) = postSolution
		{5697829C-FD4B-4219-B102-95F6DF879C6C}.Debug|x64.ActiveCfg = Debug|x64
		{5697829C-FD4B-4219-B102-95F6DF879C6C}.Debug|x64.Build.0 = Debug|x64
		{5697829C-FD4B-4219-B102-95F6DF879C6C}.Debug|x86.ActiveCfg = Debug|Win32
		{5697829C-FD4B-4219-B102-95F6DF879C6C}.Debug|x86.Build.0 = Debug|Win32
		{5697829C-FD4B-4219-B102-95F6DF879C6C}.Release|x64.ActiveCfg = Release|x64
		{5697829C-FD4B-4219-B102-95F6DF879C6C}.Release|x64.Build.0 = Release|x64
		{5697829C-FD4B-4219-B102-95F6DF879C6C}.Release|x86.ActiveCfg = Release|Win32
		{5697829C-FD4B-4219-B102-95F6DF879C6C}.Release|x86.Build.0 = Release|Win32
	EndGlobalSection
	GlobalSection(SolutionProperties) = preSolution
		HideSolutionNode = FALSE
	EndGlobalSection
	GlobalSection(ExtensibilityGlobals) = postSolution
		SolutionGuid = {A13AD64F-25B7-49B3-9A99-F6411CD1545B}
	EndGlobalSection
EndGlobal
