
Microsoft Visual Studio Solution File, Format Version 12.00
# Visual Studio 15
VisualStudioVersion = 15.0.28307.438
MinimumVisualStudioVersion = 10.0.40219.1
Project("{8BC9CEB8-8B4A-11D0-8D11-00A0C91BC942}") = "Project7", "Project7.vcxproj", "{EDEEBC9D-4C11-44E5-95E3-C7F2281CCF05}"
EndProject
Global
	GlobalSection(SolutionConfigurationPlatforms) = preSolution
		Debug|x64 = Debug|x64
		Debug|x86 = Debug|x86
		Release|x64 = Release|x64
		Release|x86 = Release|x86
	EndGlobalSection
	GlobalSection(ProjectConfigurationPlatforms) = postSolution
		{EDEEBC9D-4C11-44E5-95E3-C7F2281CCF05}.Debug|x64.ActiveCfg = Debug|x64
		{EDEEBC9D-4C11-44E5-95E3-C7F2281CCF05}.Debug|x64.Build.0 = Debug|x64
		{EDEEBC9D-4C11-44E5-95E3-C7F2281CCF05}.Debug|x86.ActiveCfg = Debug|Win32
		{EDEEBC9D-4C11-44E5-95E3-C7F2281CCF05}.Debug|x86.Build.0 = Debug|Win32
		{EDEEBC9D-4C11-44E5-95E3-C7F2281CCF05}.Release|x64.ActiveCfg = Release|x64
		{EDEEBC9D-4C11-44E5-95E3-C7F2281CCF05}.Release|x64.Build.0 = Release|x64
		{EDEEBC9D-4C11-44E5-95E3-C7F2281CCF05}.Release|x86.ActiveCfg = Release|Win32
		{EDEEBC9D-4C11-44E5-95E3-C7F2281CCF05}.Release|x86.Build.0 = Release|Win32
	EndGlobalSection
	GlobalSection(SolutionProperties) = preSolution
		HideSolutionNode = FALSE
	EndGlobalSection
	GlobalSection(ExtensibilityGlobals) = postSolution
		SolutionGuid = {F028BEA4-7358-4057-B355-65478B6A8170}
	EndGlobalSection
EndGlobal
